
Microsoft Visual Studio Solution File, Format Version 12.00
# Visual Studio Version 17
VisualStudioVersion = 17.6.33829.357
MinimumVisualStudioVersion = 10.0.40219.1
Project("{FAE04EC0-301F-11D3-BF4B-00C04F79EFBC}") = "CalibrationNumbers", "CalibrationNumbers\CalibrationNumbers.csproj", "{518190D0-2B1F-423D-A7E4-F7D894685D2B}"
EndProject
Global
	GlobalSection(SolutionConfigurationPlatforms) = preSolution
		Debug|Any CPU = Debug|Any CPU
		Release|Any CPU = Release|Any CPU
	EndGlobalSection
	GlobalSection(ProjectConfigurationPlatforms) = postSolution
		{518190D0-2B1F-423D-A7E4-F7D894685D2B}.Debug|Any CPU.ActiveCfg = Debug|Any CPU
		{518190D0-2B1F-423D-A7E4-F7D894685D2B}.Debug|Any CPU.Build.0 = Debug|Any CPU
		{518190D0-2B1F-423D-A7E4-F7D894685D2B}.Release|Any CPU.ActiveCfg = Release|Any CPU
		{518190D0-2B1F-423D-A7E4-F7D894685D2B}.Release|Any CPU.Build.0 = Release|Any CPU
	EndGlobalSection
	GlobalSection(SolutionProperties) = preSolution
		HideSolutionNode = FALSE
	EndGlobalSection
	GlobalSection(ExtensibilityGlobals) = postSolution
		SolutionGuid = {F2C6677F-932F-41BA-B8F5-A854AF770E67}
	EndGlobalSection
EndGlobal
